
Microsoft Visual Studio Solution File, Format Version 12.00
# Visual Studio Version 17
VisualStudioVersion = 17.1.32414.318
MinimumVisualStudioVersion = 10.0.40219.1
Project("{FAE04EC0-301F-11D3-BF4B-00C04F79EFBC}") = "Test_2022-04-18", "Test_2022-04-18\Test_2022-04-18.csproj", "{D09A49B1-66A6-4498-A286-88DEE20A49F3}"
EndProject
Global
	GlobalSection(SolutionConfigurationPlatforms) = preSolution
		Debug|Any CPU = Debug|Any CPU
		Release|Any CPU = Release|Any CPU
	EndGlobalSection
	GlobalSection(ProjectConfigurationPlatforms) = postSolution
		{D09A49B1-66A6-4498-A286-88DEE20A49F3}.Debug|Any CPU.ActiveCfg = Debug|Any CPU
		{D09A49B1-66A6-4498-A286-88DEE20A49F3}.Debug|Any CPU.Build.0 = Debug|Any CPU
		{D09A49B1-66A6-4498-A286-88DEE20A49F3}.Release|Any CPU.ActiveCfg = Release|Any CPU
		{D09A49B1-66A6-4498-A286-88DEE20A49F3}.Release|Any CPU.Build.0 = Release|Any CPU
	EndGlobalSection
	GlobalSection(SolutionProperties) = preSolution
		HideSolutionNode = FALSE
	EndGlobalSection
	GlobalSection(ExtensibilityGlobals) = postSolution
		SolutionGuid = {54EC547B-0216-4F9D-8EA7-907F17B74A43}
	EndGlobalSection
EndGlobal
